// !$*UTF8*$!
{
	archiveVersion = 1;
	classes = {
	};
	objectVersion = 77;
	objects = {

/* Begin PBXBuildFile section */
		096FE8C22DC8119103D0AF80 /* WidgetData.swift in Sources */ = {isa = PBXBuildFile; fileRef = 190F9EF70F78D1D24FCA1367 /* WidgetData.swift */; };
		0CB3A0AC7B35171F2C2620A7 /* Meal.swift in Sources */ = {isa = PBXBuildFile; fileRef = 2637E3BEAA97821468748F1C /* Meal.swift */; };
		12C082BEEC820D0756F6682A /* WidgetColors.swift in Sources */ = {isa = PBXBuildFile; fileRef = FA3C59B518E36DEA1AAB885A /* WidgetColors.swift */; };
		2386A26AE6F3F59C5788F03F /* gymgymeWidgetExtension.appex in Embed Foundation Extensions */ = {isa = PBXBuildFile; fileRef = 20D52BD17A5AA4A703F0B988 /* gymgymeWidgetExtension.appex */; settings = {ATTRIBUTES = (RemoveHeadersOnCopy, ); }; };
		2A3886404D49A531637B3DEE /* gymgymeApp.swift in Sources */ = {isa = PBXBuildFile; fileRef = 9C110CEBF2F990D28045C7E0 /* gymgymeApp.swift */; };
		44E2B6DAEB26A8427B110A0E /* UserProfile.swift in Sources */ = {isa = PBXBuildFile; fileRef = 11490273B8136145BF785BA2 /* UserProfile.swift */; };
		4D6FDC07855F71A317FA5B27 /* NotificationManager.swift in Sources */ = {isa = PBXBuildFile; fileRef = 7C78CC0C6F8E65699FAA8C8A /* NotificationManager.swift */; };
		4EE69D73FCDCE2AB06D6D14E /* WidgetView.swift in Sources */ = {isa = PBXBuildFile; fileRef = 2AE2B9B9BAD5FA37A2D5821A /* WidgetView.swift */; };
		5016C58374BDBEDA80AA81D8 /* TagSuggester.swift in Sources */ = {isa = PBXBuildFile; fileRef = 9F0CBB47B1F00800EA6B8561 /* TagSuggester.swift */; };
		535C2770DDAB80507D0E3247 /* CreatePlanView.swift in Sources */ = {isa = PBXBuildFile; fileRef = 0CA0910AB99C7527603FFEDC /* CreatePlanView.swift */; };
		550760EC09CBB2D34A9FD22B /* Assets.xcassets in Resources */ = {isa = PBXBuildFile; fileRef = B11E758489A3ACC365C692F1 /* Assets.xcassets */; };
		57CD54E658965ACF9A718359 /* DayProgram.swift in Sources */ = {isa = PBXBuildFile; fileRef = A38D2F029C53F125212608EB /* DayProgram.swift */; };
		5E3C1848AD79DFE85D02FEEA /* SettingsView.swift in Sources */ = {isa = PBXBuildFile; fileRef = 6F011D61A755BE8C20563179 /* SettingsView.swift */; };
		6D09B11BCED145C09395D871 /* LogWorkoutView.swift in Sources */ = {isa = PBXBuildFile; fileRef = 6107D34F32AAC596C2153BA2 /* LogWorkoutView.swift */; };
		6EC4D0D75CEF7FD725005114 /* ContentView.swift in Sources */ = {isa = PBXBuildFile; fileRef = 65B539E51A685763656CADC8 /* ContentView.swift */; };
		7D8080407612A49258F79BE4 /* Preview Assets.xcassets in Resources */ = {isa = PBXBuildFile; fileRef = 24E09DF1E6D64A9CA51D3F59 /* Preview Assets.xcassets */; };
		868139719277CF92BE91D0F7 /* DiscoverView.swift in Sources */ = {isa = PBXBuildFile; fileRef = CBE919A7B20DD45AC5FBBB68 /* DiscoverView.swift */; };
		8E115ADC768A33FE36464221 /* WidgetSync.swift in Sources */ = {isa = PBXBuildFile; fileRef = 19D927D16F810B9954240E89 /* WidgetSync.swift */; };
		8E1298E3F01390FCB341E9A9 /* AddExerciseView.swift in Sources */ = {isa = PBXBuildFile; fileRef = A45476A2711708F8656BFE3E /* AddExerciseView.swift */; };
		8E523708607C4E1CF930D5D1 /* gymgymeWidget.swift in Sources */ = {isa = PBXBuildFile; fileRef = DC4CE282C5C3B847D07F6D29 /* gymgymeWidget.swift */; };
		90A450D7780C113C8E7E5C23 /* WorkoutPlan.swift in Sources */ = {isa = PBXBuildFile; fileRef = 7C50BE3C5E4422572C4ACAC4 /* WorkoutPlan.swift */; };
		910D26B5B27AAE58EB83455A /* WidgetData.swift in Sources */ = {isa = PBXBuildFile; fileRef = 190F9EF70F78D1D24FCA1367 /* WidgetData.swift */; };
		94F5CC5F2C1C7A63306C7EF5 /* TypewriterTitle.swift in Sources */ = {isa = PBXBuildFile; fileRef = CD8B78620EE6BD3D02D45014 /* TypewriterTitle.swift */; };
		953E221C920F1E471270152A /* MealLogView.swift in Sources */ = {isa = PBXBuildFile; fileRef = 6339666626C83D4CCE3951C3 /* MealLogView.swift */; };
		96435EC84FE831F0720A04CF /* WidgetColors.swift in Sources */ = {isa = PBXBuildFile; fileRef = FA3C59B518E36DEA1AAB885A /* WidgetColors.swift */; };
		A488E45F785AAAB091BA3886 /* Assets.xcassets in Resources */ = {isa = PBXBuildFile; fileRef = 8785B682867647467EA98E0A /* Assets.xcassets */; };
		A51B3C7FC044E147512482B6 /* WorkoutSession.swift in Sources */ = {isa = PBXBuildFile; fileRef = 234941989A9EFAA563CE96DE /* WorkoutSession.swift */; };
		A7FDF2B8268D8AFFC164BB98 /* CalendarView.swift in Sources */ = {isa = PBXBuildFile; fileRef = D2DCD2C1D37901CB23DA03E1 /* CalendarView.swift */; };
		C449DB3EE028873C2E14F9C6 /* gymgymeWidgetBundle.swift in Sources */ = {isa = PBXBuildFile; fileRef = CA8C1D6091553737AE8DA4B4 /* gymgymeWidgetBundle.swift */; };
		C6DB0D4E80B2472BACDF3A17 /* DoodleTheme.swift in Sources */ = {isa = PBXBuildFile; fileRef = 97BAD8EEFAD58074E18420E7 /* DoodleTheme.swift */; };
		DAE8253672A0E106416E2B03 /* Exercise.swift in Sources */ = {isa = PBXBuildFile; fileRef = 08DCB1C6446B5F9B86E689BC /* Exercise.swift */; };
		E1C48D990699DD746BD43E2E /* HomeView.swift in Sources */ = {isa = PBXBuildFile; fileRef = 958EC8DC28E9ED0C00F7438E /* HomeView.swift */; };
		EF172CEF1025D9C9EA002A60 /* ExerciseSet.swift in Sources */ = {isa = PBXBuildFile; fileRef = 693535871F2E33A2D22D8759 /* ExerciseSet.swift */; };
		F94B6BDBC5E86B0871B7A614 /* PlansView.swift in Sources */ = {isa = PBXBuildFile; fileRef = C0EADF599C971FF57772DFF1 /* PlansView.swift */; };
		FCE1BC5B71B7EA691CC7801D /* ProgressChartView.swift in Sources */ = {isa = PBXBuildFile; fileRef = 038756D5576D6691E42B1BC3 /* ProgressChartView.swift */; };
/* End PBXBuildFile section */

/* Begin PBXContainerItemProxy section */
		E045E170BB105DDE19594E98 /* PBXContainerItemProxy */ = {
			isa = PBXContainerItemProxy;
			containerPortal = 1118CF36AAEA88348D36C4EE /* Project object */;
			proxyType = 1;
			remoteGlobalIDString = 5CABD4AF6687957D7B511C26;
			remoteInfo = gymgymeWidgetExtension;
		};
/* End PBXContainerItemProxy section */

/* Begin PBXCopyFilesBuildPhase section */
		59A0DF38C4348358B8966490 /* Embed Foundation Extensions */ = {
			isa = PBXCopyFilesBuildPhase;
			buildActionMask = 2147483647;
			dstPath = "";
			dstSubfolderSpec = 13;
			files = (
				2386A26AE6F3F59C5788F03F /* gymgymeWidgetExtension.appex in Embed Foundation Extensions */,
			);
			name = "Embed Foundation Extensions";
			runOnlyForDeploymentPostprocessing = 0;
		};
/* End PBXCopyFilesBuildPhase section */

/* Begin PBXFileReference section */
		038756D5576D6691E42B1BC3 /* ProgressChartView.swift */ = {isa = PBXFileReference; lastKnownFileType = sourcecode.swift; path = ProgressChartView.swift; sourceTree = "<group>"; };
		08DCB1C6446B5F9B86E689BC /* Exercise.swift */ = {isa = PBXFileReference; lastKnownFileType = sourcecode.swift; path = Exercise.swift; sourceTree = "<group>"; };
		0CA0910AB99C7527603FFEDC /* CreatePlanView.swift */ = {isa = PBXFileReference; lastKnownFileType = sourcecode.swift; path = CreatePlanView.swift; sourceTree = "<group>"; };
		11490273B8136145BF785BA2 /* UserProfile.swift */ = {isa = PBXFileReference; lastKnownFileType = sourcecode.swift; path = UserProfile.swift; sourceTree = "<group>"; };
		190F9EF70F78D1D24FCA1367 /* WidgetData.swift */ = {isa = PBXFileReference; lastKnownFileType = sourcecode.swift; path = WidgetData.swift; sourceTree = "<group>"; };
		19D927D16F810B9954240E89 /* WidgetSync.swift */ = {isa = PBXFileReference; lastKnownFileType = sourcecode.swift; path = WidgetSync.swift; sourceTree = "<group>"; };
		1AEDA5A205B10916C41C99B8 /* gymgyme.app */ = {isa = PBXFileReference; includeInIndex = 0; lastKnownFileType = wrapper.application; path = gymgyme.app; sourceTree = BUILT_PRODUCTS_DIR; };
		20D52BD17A5AA4A703F0B988 /* gymgymeWidgetExtension.appex */ = {isa = PBXFileReference; includeInIndex = 0; lastKnownFileType = "wrapper.app-extension"; path = gymgymeWidgetExtension.appex; sourceTree = BUILT_PRODUCTS_DIR; };
		234941989A9EFAA563CE96DE /* WorkoutSession.swift */ = {isa = PBXFileReference; lastKnownFileType = sourcecode.swift; path = WorkoutSession.swift; sourceTree = "<group>"; };
		24E09DF1E6D64A9CA51D3F59 /* Preview Assets.xcassets */ = {isa = PBXFileReference; lastKnownFileType = folder.assetcatalog; path = "Preview Assets.xcassets"; sourceTree = "<group>"; };
		2637E3BEAA97821468748F1C /* Meal.swift */ = {isa = PBXFileReference; lastKnownFileType = sourcecode.swift; path = Meal.swift; sourceTree = "<group>"; };
		2AE2B9B9BAD5FA37A2D5821A /* WidgetView.swift */ = {isa = PBXFileReference; lastKnownFileType = sourcecode.swift; path = WidgetView.swift; sourceTree = "<group>"; };
		6107D34F32AAC596C2153BA2 /* LogWorkoutView.swift */ = {isa = PBXFileReference; lastKnownFileType = sourcecode.swift; path = LogWorkoutView.swift; sourceTree = "<group>"; };
		6339666626C83D4CCE3951C3 /* MealLogView.swift */ = {isa = PBXFileReference; lastKnownFileType = sourcecode.swift; path = MealLogView.swift; sourceTree = "<group>"; };
		647E36A9B14E331B10B8B1DA /* gymgyme.entitlements */ = {isa = PBXFileReference; lastKnownFileType = text.plist.entitlements; path = gymgyme.entitlements; sourceTree = "<group>"; };
		65B539E51A685763656CADC8 /* ContentView.swift */ = {isa = PBXFileReference; lastKnownFileType = sourcecode.swift; path = ContentView.swift; sourceTree = "<group>"; };
		693535871F2E33A2D22D8759 /* ExerciseSet.swift */ = {isa = PBXFileReference; lastKnownFileType = sourcecode.swift; path = ExerciseSet.swift; sourceTree = "<group>"; };
		6F011D61A755BE8C20563179 /* SettingsView.swift */ = {isa = PBXFileReference; lastKnownFileType = sourcecode.swift; path = SettingsView.swift; sourceTree = "<group>"; };
		77E0D703AE18241DB0A2F4FC /* Info.plist */ = {isa = PBXFileReference; lastKnownFileType = text.plist; path = Info.plist; sourceTree = "<group>"; };
		7C50BE3C5E4422572C4ACAC4 /* WorkoutPlan.swift */ = {isa = PBXFileReference; lastKnownFileType = sourcecode.swift; path = WorkoutPlan.swift; sourceTree = "<group>"; };
		7C78CC0C6F8E65699FAA8C8A /* NotificationManager.swift */ = {isa = PBXFileReference; lastKnownFileType = sourcecode.swift; path = NotificationManager.swift; sourceTree = "<group>"; };
		8785B682867647467EA98E0A /* Assets.xcassets */ = {isa = PBXFileReference; lastKnownFileType = folder.assetcatalog; path = Assets.xcassets; sourceTree = "<group>"; };
		958EC8DC28E9ED0C00F7438E /* HomeView.swift */ = {isa = PBXFileReference; lastKnownFileType = sourcecode.swift; path = HomeView.swift; sourceTree = "<group>"; };
		97BAD8EEFAD58074E18420E7 /* DoodleTheme.swift */ = {isa = PBXFileReference; lastKnownFileType = sourcecode.swift; path = DoodleTheme.swift; sourceTree = "<group>"; };
		9C110CEBF2F990D28045C7E0 /* gymgymeApp.swift */ = {isa = PBXFileReference; lastKnownFileType = sourcecode.swift; path = gymgymeApp.swift; sourceTree = "<group>"; };
		9F0CBB47B1F00800EA6B8561 /* TagSuggester.swift */ = {isa = PBXFileReference; lastKnownFileType = sourcecode.swift; path = TagSuggester.swift; sourceTree = "<group>"; };
		A38D2F029C53F125212608EB /* DayProgram.swift */ = {isa = PBXFileReference; lastKnownFileType = sourcecode.swift; path = DayProgram.swift; sourceTree = "<group>"; };
		A45476A2711708F8656BFE3E /* AddExerciseView.swift */ = {isa = PBXFileReference; lastKnownFileType = sourcecode.swift; path = AddExerciseView.swift; sourceTree = "<group>"; };
		B11E758489A3ACC365C692F1 /* Assets.xcassets */ = {isa = PBXFileReference; lastKnownFileType = folder.assetcatalog; path = Assets.xcassets; sourceTree = "<group>"; };
		C0EADF599C971FF57772DFF1 /* PlansView.swift */ = {isa = PBXFileReference; lastKnownFileType = sourcecode.swift; path = PlansView.swift; sourceTree = "<group>"; };
		CA8C1D6091553737AE8DA4B4 /* gymgymeWidgetBundle.swift */ = {isa = PBXFileReference; lastKnownFileType = sourcecode.swift; path = gymgymeWidgetBundle.swift; sourceTree = "<group>"; };
		CBE919A7B20DD45AC5FBBB68 /* DiscoverView.swift */ = {isa = PBXFileReference; lastKnownFileType = sourcecode.swift; path = DiscoverView.swift; sourceTree = "<group>"; };
		CD8B78620EE6BD3D02D45014 /* TypewriterTitle.swift */ = {isa = PBXFileReference; lastKnownFileType = sourcecode.swift; path = TypewriterTitle.swift; sourceTree = "<group>"; };
		D139AB3E21FF0ECB1768B2EA /* gymgymeWidget.entitlements */ = {isa = PBXFileReference; lastKnownFileType = text.plist.entitlements; path = gymgymeWidget.entitlements; sourceTree = "<group>"; };
		D2DCD2C1D37901CB23DA03E1 /* CalendarView.swift */ = {isa = PBXFileReference; lastKnownFileType = sourcecode.swift; path = CalendarView.swift; sourceTree = "<group>"; };
		DC4CE282C5C3B847D07F6D29 /* gymgymeWidget.swift */ = {isa = PBXFileReference; lastKnownFileType = sourcecode.swift; path = gymgymeWidget.swift; sourceTree = "<group>"; };
		FA3C59B518E36DEA1AAB885A /* WidgetColors.swift */ = {isa = PBXFileReference; lastKnownFileType = sourcecode.swift; path = WidgetColors.swift; sourceTree = "<group>"; };
/* End PBXFileReference section */

/* Begin PBXGroup section */
		1614DEEC216A2FC27D9EB0D1 /* Shared */ = {
			isa = PBXGroup;
			children = (
				FA3C59B518E36DEA1AAB885A /* WidgetColors.swift */,
				190F9EF70F78D1D24FCA1367 /* WidgetData.swift */,
			);
			path = Shared;
			sourceTree = "<group>";
		};
		2534B705A865916D3E8B25A4 /* gymgymeWidget */ = {
			isa = PBXGroup;
			children = (
				B11E758489A3ACC365C692F1 /* Assets.xcassets */,
				D139AB3E21FF0ECB1768B2EA /* gymgymeWidget.entitlements */,
				DC4CE282C5C3B847D07F6D29 /* gymgymeWidget.swift */,
				CA8C1D6091553737AE8DA4B4 /* gymgymeWidgetBundle.swift */,
				77E0D703AE18241DB0A2F4FC /* Info.plist */,
				2AE2B9B9BAD5FA37A2D5821A /* WidgetView.swift */,
			);
			path = gymgymeWidget;
			sourceTree = "<group>";
		};
		6AB903EBDD983850FD46EBEF /* gymgyme */ = {
			isa = PBXGroup;
			children = (
				8785B682867647467EA98E0A /* Assets.xcassets */,
				647E36A9B14E331B10B8B1DA /* gymgyme.entitlements */,
				9C110CEBF2F990D28045C7E0 /* gymgymeApp.swift */,
				7C78CC0C6F8E65699FAA8C8A /* NotificationManager.swift */,
				19D927D16F810B9954240E89 /* WidgetSync.swift */,
				F6CB3EC38C02B8EB81698A69 /* Models */,
				BB76E8D6341387D935C9418B /* Preview Content */,
				D97CD902A89E2977976D142D /* Theme */,
				F947BA94DC746CF4E1D647CE /* Views */,
			);
			path = gymgyme;
			sourceTree = "<group>";
		};
		BB76E8D6341387D935C9418B /* Preview Content */ = {
			isa = PBXGroup;
			children = (
				24E09DF1E6D64A9CA51D3F59 /* Preview Assets.xcassets */,
			);
			path = "Preview Content";
			sourceTree = "<group>";
		};
		BE1E284325D2757B98CE16F9 /* Products */ = {
			isa = PBXGroup;
			children = (
				1AEDA5A205B10916C41C99B8 /* gymgyme.app */,
				20D52BD17A5AA4A703F0B988 /* gymgymeWidgetExtension.appex */,
			);
			name = Products;
			sourceTree = "<group>";
		};
		D97CD902A89E2977976D142D /* Theme */ = {
			isa = PBXGroup;
			children = (
				97BAD8EEFAD58074E18420E7 /* DoodleTheme.swift */,
			);
			path = Theme;
			sourceTree = "<group>";
		};
		DA7910B371E5D470DABB4144 = {
			isa = PBXGroup;
			children = (
				6AB903EBDD983850FD46EBEF /* gymgyme */,
				2534B705A865916D3E8B25A4 /* gymgymeWidget */,
				1614DEEC216A2FC27D9EB0D1 /* Shared */,
				BE1E284325D2757B98CE16F9 /* Products */,
			);
			sourceTree = "<group>";
		};
		F6CB3EC38C02B8EB81698A69 /* Models */ = {
			isa = PBXGroup;
			children = (
				A38D2F029C53F125212608EB /* DayProgram.swift */,
				08DCB1C6446B5F9B86E689BC /* Exercise.swift */,
				693535871F2E33A2D22D8759 /* ExerciseSet.swift */,
				2637E3BEAA97821468748F1C /* Meal.swift */,
				9F0CBB47B1F00800EA6B8561 /* TagSuggester.swift */,
				11490273B8136145BF785BA2 /* UserProfile.swift */,
				7C50BE3C5E4422572C4ACAC4 /* WorkoutPlan.swift */,
				234941989A9EFAA563CE96DE /* WorkoutSession.swift */,
			);
			path = Models;
			sourceTree = "<group>";
		};
		F947BA94DC746CF4E1D647CE /* Views */ = {
			isa = PBXGroup;
			children = (
				A45476A2711708F8656BFE3E /* AddExerciseView.swift */,
				D2DCD2C1D37901CB23DA03E1 /* CalendarView.swift */,
				65B539E51A685763656CADC8 /* ContentView.swift */,
				0CA0910AB99C7527603FFEDC /* CreatePlanView.swift */,
				CBE919A7B20DD45AC5FBBB68 /* DiscoverView.swift */,
				958EC8DC28E9ED0C00F7438E /* HomeView.swift */,
				6107D34F32AAC596C2153BA2 /* LogWorkoutView.swift */,
				6339666626C83D4CCE3951C3 /* MealLogView.swift */,
				C0EADF599C971FF57772DFF1 /* PlansView.swift */,
				038756D5576D6691E42B1BC3 /* ProgressChartView.swift */,
				6F011D61A755BE8C20563179 /* SettingsView.swift */,
				CD8B78620EE6BD3D02D45014 /* TypewriterTitle.swift */,
			);
			path = Views;
			sourceTree = "<group>";
		};
/* End PBXGroup section */

/* Begin PBXNativeTarget section */
		36FE23D3DA23DF57D742C448 /* gymgyme */ = {
			isa = PBXNativeTarget;
			buildConfigurationList = 089183F0B56445D226273890 /* Build configuration list for PBXNativeTarget "gymgyme" */;
			buildPhases = (
				01A12C798DD3B7E9079F6E09 /* Sources */,
				908847880D8CC13FEDFD09E5 /* Resources */,
				59A0DF38C4348358B8966490 /* Embed Foundation Extensions */,
			);
			buildRules = (
			);
			dependencies = (
				6F507197B52084A8AF5416AE /* PBXTargetDependency */,
			);
			name = gymgyme;
			packageProductDependencies = (
			);
			productName = gymgyme;
			productReference = 1AEDA5A205B10916C41C99B8 /* gymgyme.app */;
			productType = "com.apple.product-type.application";
		};
		5CABD4AF6687957D7B511C26 /* gymgymeWidgetExtension */ = {
			isa = PBXNativeTarget;
			buildConfigurationList = 6DDFC7A99527EF604C55E2E7 /* Build configuration list for PBXNativeTarget "gymgymeWidgetExtension" */;
			buildPhases = (
				B4B9C96D028DD7277775C8DE /* Sources */,
				E7452A149A943D6141478ABE /* Resources */,
			);
			buildRules = (
			);
			dependencies = (
			);
			name = gymgymeWidgetExtension;
			packageProductDependencies = (
			);
			productName = gymgymeWidgetExtension;
			productReference = 20D52BD17A5AA4A703F0B988 /* gymgymeWidgetExtension.appex */;
			productType = "com.apple.product-type.app-extension";
		};
/* End PBXNativeTarget section */

/* Begin PBXProject section */
		1118CF36AAEA88348D36C4EE /* Project object */ = {
			isa = PBXProject;
			attributes = {
				BuildIndependentTargetsInParallel = YES;
				LastUpgradeCheck = 1600;
				TargetAttributes = {
					36FE23D3DA23DF57D742C448 = {
						DevelopmentTeam = "";
					};
					5CABD4AF6687957D7B511C26 = {
						DevelopmentTeam = "";
					};
				};
			};
			buildConfigurationList = 42FC06ACB4C57259A711D102 /* Build configuration list for PBXProject "gymgyme" */;
			developmentRegion = en;
			hasScannedForEncodings = 0;
			knownRegions = (
				Base,
				en,
			);
			mainGroup = DA7910B371E5D470DABB4144;
			minimizedProjectReferenceProxies = 1;
			preferredProjectObjectVersion = 77;
			productRefGroup = BE1E284325D2757B98CE16F9 /* Products */;
			projectDirPath = "";
			projectRoot = "";
			targets = (
				36FE23D3DA23DF57D742C448 /* gymgyme */,
				5CABD4AF6687957D7B511C26 /* gymgymeWidgetExtension */,
			);
		};
/* End PBXProject section */

/* Begin PBXResourcesBuildPhase section */
		908847880D8CC13FEDFD09E5 /* Resources */ = {
			isa = PBXResourcesBuildPhase;
			buildActionMask = 2147483647;
			files = (
				A488E45F785AAAB091BA3886 /* Assets.xcassets in Resources */,
				7D8080407612A49258F79BE4 /* Preview Assets.xcassets in Resources */,
			);
			runOnlyForDeploymentPostprocessing = 0;
		};
		E7452A149A943D6141478ABE /* Resources */ = {
			isa = PBXResourcesBuildPhase;
			buildActionMask = 2147483647;
			files = (
				550760EC09CBB2D34A9FD22B /* Assets.xcassets in Resources */,
			);
			runOnlyForDeploymentPostprocessing = 0;
		};
/* End PBXResourcesBuildPhase section */

/* Begin PBXSourcesBuildPhase section */
		01A12C798DD3B7E9079F6E09 /* Sources */ = {
			isa = PBXSourcesBuildPhase;
			buildActionMask = 2147483647;
			files = (
				8E1298E3F01390FCB341E9A9 /* AddExerciseView.swift in Sources */,
				A7FDF2B8268D8AFFC164BB98 /* CalendarView.swift in Sources */,
				6EC4D0D75CEF7FD725005114 /* ContentView.swift in Sources */,
				535C2770DDAB80507D0E3247 /* CreatePlanView.swift in Sources */,
				57CD54E658965ACF9A718359 /* DayProgram.swift in Sources */,
				868139719277CF92BE91D0F7 /* DiscoverView.swift in Sources */,
				C6DB0D4E80B2472BACDF3A17 /* DoodleTheme.swift in Sources */,
				DAE8253672A0E106416E2B03 /* Exercise.swift in Sources */,
				EF172CEF1025D9C9EA002A60 /* ExerciseSet.swift in Sources */,
				E1C48D990699DD746BD43E2E /* HomeView.swift in Sources */,
				6D09B11BCED145C09395D871 /* LogWorkoutView.swift in Sources */,
				0CB3A0AC7B35171F2C2620A7 /* Meal.swift in Sources */,
				953E221C920F1E471270152A /* MealLogView.swift in Sources */,
				4D6FDC07855F71A317FA5B27 /* NotificationManager.swift in Sources */,
				F94B6BDBC5E86B0871B7A614 /* PlansView.swift in Sources */,
				FCE1BC5B71B7EA691CC7801D /* ProgressChartView.swift in Sources */,
				5E3C1848AD79DFE85D02FEEA /* SettingsView.swift in Sources */,
				5016C58374BDBEDA80AA81D8 /* TagSuggester.swift in Sources */,
				94F5CC5F2C1C7A63306C7EF5 /* TypewriterTitle.swift in Sources */,
				44E2B6DAEB26A8427B110A0E /* UserProfile.swift in Sources */,
				12C082BEEC820D0756F6682A /* WidgetColors.swift in Sources */,
				910D26B5B27AAE58EB83455A /* WidgetData.swift in Sources */,
				8E115ADC768A33FE36464221 /* WidgetSync.swift in Sources */,
				90A450D7780C113C8E7E5C23 /* WorkoutPlan.swift in Sources */,
				A51B3C7FC044E147512482B6 /* WorkoutSession.swift in Sources */,
				2A3886404D49A531637B3DEE /* gymgymeApp.swift in Sources */,
			);
			runOnlyForDeploymentPostprocessing = 0;
		};
		B4B9C96D028DD7277775C8DE /* Sources */ = {
			isa = PBXSourcesBuildPhase;
			buildActionMask = 2147483647;
			files = (
				96435EC84FE831F0720A04CF /* WidgetColors.swift in Sources */,
				096FE8C22DC8119103D0AF80 /* WidgetData.swift in Sources */,
				4EE69D73FCDCE2AB06D6D14E /* WidgetView.swift in Sources */,
				8E523708607C4E1CF930D5D1 /* gymgymeWidget.swift in Sources */,
				C449DB3EE028873C2E14F9C6 /* gymgymeWidgetBundle.swift in Sources */,
			);
			runOnlyForDeploymentPostprocessing = 0;
		};
/* End PBXSourcesBuildPhase section */

/* Begin PBXTargetDependency section */
		6F507197B52084A8AF5416AE /* PBXTargetDependency */ = {
			isa = PBXTargetDependency;
			target = 5CABD4AF6687957D7B511C26 /* gymgymeWidgetExtension */;
			targetProxy = E045E170BB105DDE19594E98 /* PBXContainerItemProxy */;
		};
/* End PBXTargetDependency section */

/* Begin XCBuildConfiguration section */
		08B06B476D92B82F4F69C1D4 /* Debug */ = {
			isa = XCBuildConfiguration;
			buildSettings = {
				ASSETCATALOG_COMPILER_APPICON_NAME = AppIcon;
				ASSETCATALOG_COMPILER_GLOBAL_ACCENT_COLOR_NAME = AccentColor;
				CODE_SIGN_ENTITLEMENTS = gymgyme/gymgyme.entitlements;
				CODE_SIGN_IDENTITY = "iPhone Developer";
				CURRENT_PROJECT_VERSION = 1;
				GENERATE_INFOPLIST_FILE = YES;
				INFOPLIST_KEY_CFBundleDisplayName = gymgyme;
				INFOPLIST_KEY_UIApplicationSceneManifest_Generation = YES;
				INFOPLIST_KEY_UIApplicationSupportsIndirectInputEvents = YES;
				INFOPLIST_KEY_UILaunchScreen_Generation = YES;
				INFOPLIST_KEY_UISupportedInterfaceOrientations_iPad = "UIInterfaceOrientationPortrait UIInterfaceOrientationPortraitUpsideDown UIInterfaceOrientationLandscapeLeft UIInterfaceOrientationLandscapeRight";
				INFOPLIST_KEY_UISupportedInterfaceOrientations_iPhone = UIInterfaceOrientationPortrait;
				LD_RUNPATH_SEARCH_PATHS = (
					"$(inherited)",
					"@executable_path/Frameworks",
				);
				MARKETING_VERSION = 1.0;
				PRODUCT_BUNDLE_IDENTIFIER = com.damla.gymgyme;
				SDKROOT = iphoneos;
				TARGETED_DEVICE_FAMILY = "1,2";
			};
			name = Debug;
		};
		1EA46932906C0E49B1BBD630 /* Release */ = {
			isa = XCBuildConfiguration;
			buildSettings = {
				ASSETCATALOG_COMPILER_APPICON_NAME = AppIcon;
				ASSETCATALOG_COMPILER_GLOBAL_ACCENT_COLOR_NAME = AccentColor;
				CODE_SIGN_ENTITLEMENTS = gymgyme/gymgyme.entitlements;
				CODE_SIGN_IDENTITY = "iPhone Developer";
				CURRENT_PROJECT_VERSION = 1;
				GENERATE_INFOPLIST_FILE = YES;
				INFOPLIST_KEY_CFBundleDisplayName = gymgyme;
				INFOPLIST_KEY_UIApplicationSceneManifest_Generation = YES;
				INFOPLIST_KEY_UIApplicationSupportsIndirectInputEvents = YES;
				INFOPLIST_KEY_UILaunchScreen_Generation = YES;
				INFOPLIST_KEY_UISupportedInterfaceOrientations_iPad = "UIInterfaceOrientationPortrait UIInterfaceOrientationPortraitUpsideDown UIInterfaceOrientationLandscapeLeft UIInterfaceOrientationLandscapeRight";
				INFOPLIST_KEY_UISupportedInterfaceOrientations_iPhone = UIInterfaceOrientationPortrait;
				LD_RUNPATH_SEARCH_PATHS = (
					"$(inherited)",
					"@executable_path/Frameworks",
				);
				MARKETING_VERSION = 1.0;
				PRODUCT_BUNDLE_IDENTIFIER = com.damla.gymgyme;
				SDKROOT = iphoneos;
				TARGETED_DEVICE_FAMILY = "1,2";
			};
			name = Release;
		};
		2E79BBFAC4D23CA86A79976B /* Debug */ = {
			isa = XCBuildConfiguration;
			buildSettings = {
				ALWAYS_SEARCH_USER_PATHS = NO;
				CLANG_ANALYZER_NONNULL = YES;
				CLANG_ANALYZER_NUMBER_OBJECT_CONVERSION = YES_AGGRESSIVE;
				CLANG_CXX_LANGUAGE_STANDARD = "gnu++14";
				CLANG_CXX_LIBRARY = "libc++";
				CLANG_ENABLE_MODULES = YES;
				CLANG_ENABLE_OBJC_ARC = YES;
				CLANG_ENABLE_OBJC_WEAK = YES;
				CLANG_WARN_BLOCK_CAPTURE_AUTORELEASING = YES;
				CLANG_WARN_BOOL_CONVERSION = YES;
				CLANG_WARN_COMMA = YES;
				CLANG_WARN_CONSTANT_CONVERSION = YES;
				CLANG_WARN_DEPRECATED_OBJC_IMPLEMENTATIONS = YES;
				CLANG_WARN_DIRECT_OBJC_ISA_USAGE = YES_ERROR;
				CLANG_WARN_DOCUMENTATION_COMMENTS = YES;
				CLANG_WARN_EMPTY_BODY = YES;
				CLANG_WARN_ENUM_CONVERSION = YES;
				CLANG_WARN_INFINITE_RECURSION = YES;
				CLANG_WARN_INT_CONVERSION = YES;
				CLANG_WARN_NON_LITERAL_NULL_CONVERSION = YES;
				CLANG_WARN_OBJC_IMPLICIT_RETAIN_SELF = YES;
				CLANG_WARN_OBJC_LITERAL_CONVERSION = YES;
				CLANG_WARN_OBJC_ROOT_CLASS = YES_ERROR;
				CLANG_WARN_QUOTED_INCLUDE_IN_FRAMEWORK_HEADER = YES;
				CLANG_WARN_RANGE_LOOP_ANALYSIS = YES;
				CLANG_WARN_STRICT_PROTOTYPES = YES;
				CLANG_WARN_SUSPICIOUS_MOVE = YES;
				CLANG_WARN_UNGUARDED_AVAILABILITY = YES_AGGRESSIVE;
				CLANG_WARN_UNREACHABLE_CODE = YES;
				CLANG_WARN__DUPLICATE_METHOD_MATCH = YES;
				COPY_PHASE_STRIP = NO;
				DEBUG_INFORMATION_FORMAT = dwarf;
				DEVELOPMENT_TEAM = "";
				ENABLE_STRICT_OBJC_MSGSEND = YES;
				ENABLE_TESTABILITY = YES;
				GCC_C_LANGUAGE_STANDARD = gnu11;
				GCC_DYNAMIC_NO_PIC = NO;
				GCC_NO_COMMON_BLOCKS = YES;
				GCC_OPTIMIZATION_LEVEL = 0;
				GCC_PREPROCESSOR_DEFINITIONS = (
					"$(inherited)",
					"DEBUG=1",
				);
				GCC_WARN_64_TO_32_BIT_CONVERSION = YES;
				GCC_WARN_ABOUT_RETURN_TYPE = YES_ERROR;
				GCC_WARN_UNDECLARED_SELECTOR = YES;
				GCC_WARN_UNINITIALIZED_AUTOS = YES_AGGRESSIVE;
				GCC_WARN_UNUSED_FUNCTION = YES;
				GCC_WARN_UNUSED_VARIABLE = YES;
				IPHONEOS_DEPLOYMENT_TARGET = 17.0;
				MTL_ENABLE_DEBUG_INFO = INCLUDE_SOURCE;
				MTL_FAST_MATH = YES;
				ONLY_ACTIVE_ARCH = YES;
				PRODUCT_NAME = "$(TARGET_NAME)";
				SDKROOT = iphoneos;
				SWIFT_ACTIVE_COMPILATION_CONDITIONS = DEBUG;
				SWIFT_OPTIMIZATION_LEVEL = "-Onone";
				SWIFT_VERSION = 5.9;
			};
			name = Debug;
		};
		556D631295589FF9002C282B /* Release */ = {
			isa = XCBuildConfiguration;
			buildSettings = {
				ALWAYS_SEARCH_USER_PATHS = NO;
				CLANG_ANALYZER_NONNULL = YES;
				CLANG_ANALYZER_NUMBER_OBJECT_CONVERSION = YES_AGGRESSIVE;
				CLANG_CXX_LANGUAGE_STANDARD = "gnu++14";
				CLANG_CXX_LIBRARY = "libc++";
				CLANG_ENABLE_MODULES = YES;
				CLANG_ENABLE_OBJC_ARC = YES;
				CLANG_ENABLE_OBJC_WEAK = YES;
				CLANG_WARN_BLOCK_CAPTURE_AUTORELEASING = YES;
				CLANG_WARN_BOOL_CONVERSION = YES;
				CLANG_WARN_COMMA = YES;
				CLANG_WARN_CONSTANT_CONVERSION = YES;
				CLANG_WARN_DEPRECATED_OBJC_IMPLEMENTATIONS = YES;
				CLANG_WARN_DIRECT_OBJC_ISA_USAGE = YES_ERROR;
				CLANG_WARN_DOCUMENTATION_COMMENTS = YES;
				CLANG_WARN_EMPTY_BODY = YES;
				CLANG_WARN_ENUM_CONVERSION = YES;
				CLANG_WARN_INFINITE_RECURSION = YES;
				CLANG_WARN_INT_CONVERSION = YES;
				CLANG_WARN_NON_LITERAL_NULL_CONVERSION = YES;
				CLANG_WARN_OBJC_IMPLICIT_RETAIN_SELF = YES;
				CLANG_WARN_OBJC_LITERAL_CONVERSION = YES;
				CLANG_WARN_OBJC_ROOT_CLASS = YES_ERROR;
				CLANG_WARN_QUOTED_INCLUDE_IN_FRAMEWORK_HEADER = YES;
				CLANG_WARN_RANGE_LOOP_ANALYSIS = YES;
				CLANG_WARN_STRICT_PROTOTYPES = YES;
				CLANG_WARN_SUSPICIOUS_MOVE = YES;
				CLANG_WARN_UNGUARDED_AVAILABILITY = YES_AGGRESSIVE;
				CLANG_WARN_UNREACHABLE_CODE = YES;
				CLANG_WARN__DUPLICATE_METHOD_MATCH = YES;
				COPY_PHASE_STRIP = NO;
				DEBUG_INFORMATION_FORMAT = "dwarf-with-dsym";
				DEVELOPMENT_TEAM = "";
				ENABLE_NS_ASSERTIONS = NO;
				ENABLE_STRICT_OBJC_MSGSEND = YES;
				GCC_C_LANGUAGE_STANDARD = gnu11;
				GCC_NO_COMMON_BLOCKS = YES;
				GCC_WARN_64_TO_32_BIT_CONVERSION = YES;
				GCC_WARN_ABOUT_RETURN_TYPE = YES_ERROR;
				GCC_WARN_UNDECLARED_SELECTOR = YES;
				GCC_WARN_UNINITIALIZED_AUTOS = YES_AGGRESSIVE;
				GCC_WARN_UNUSED_FUNCTION = YES;
				GCC_WARN_UNUSED_VARIABLE = YES;
				IPHONEOS_DEPLOYMENT_TARGET = 17.0;
				MTL_ENABLE_DEBUG_INFO = NO;
				MTL_FAST_MATH = YES;
				PRODUCT_NAME = "$(TARGET_NAME)";
				SDKROOT = iphoneos;
				SWIFT_COMPILATION_MODE = wholemodule;
				SWIFT_OPTIMIZATION_LEVEL = "-O";
				SWIFT_VERSION = 5.9;
			};
			name = Release;
		};
		77F7DFC16D24D6322D0D3DAB /* Debug */ = {
			isa = XCBuildConfiguration;
			buildSettings = {
				CODE_SIGN_ENTITLEMENTS = gymgymeWidget/gymgymeWidget.entitlements;
				CODE_SIGN_IDENTITY = "iPhone Developer";
				CURRENT_PROJECT_VERSION = 1;
				INFOPLIST_FILE = gymgymeWidget/Info.plist;
				LD_RUNPATH_SEARCH_PATHS = (
					"$(inherited)",
					"@executable_path/Frameworks",
					"@executable_path/../../Frameworks",
				);
				MARKETING_VERSION = 1.0;
				PRODUCT_BUNDLE_IDENTIFIER = com.damla.gymgyme.widget;
				SDKROOT = iphoneos;
				SWIFT_EMIT_LOC_STRINGS = YES;
				TARGETED_DEVICE_FAMILY = "1,2";
			};
			name = Debug;
		};
		ECFA154AD8333669672A53F3 /* Release */ = {
			isa = XCBuildConfiguration;
			buildSettings = {
				CODE_SIGN_ENTITLEMENTS = gymgymeWidget/gymgymeWidget.entitlements;
				CODE_SIGN_IDENTITY = "iPhone Developer";
				CURRENT_PROJECT_VERSION = 1;
				INFOPLIST_FILE = gymgymeWidget/Info.plist;
				LD_RUNPATH_SEARCH_PATHS = (
					"$(inherited)",
					"@executable_path/Frameworks",
					"@executable_path/../../Frameworks",
				);
				MARKETING_VERSION = 1.0;
				PRODUCT_BUNDLE_IDENTIFIER = com.damla.gymgyme.widget;
				SDKROOT = iphoneos;
				SWIFT_EMIT_LOC_STRINGS = YES;
				TARGETED_DEVICE_FAMILY = "1,2";
			};
			name = Release;
		};
/* End XCBuildConfiguration section */

/* Begin XCConfigurationList section */
		089183F0B56445D226273890 /* Build configuration list for PBXNativeTarget "gymgyme" */ = {
			isa = XCConfigurationList;
			buildConfigurations = (
				08B06B476D92B82F4F69C1D4 /* Debug */,
				1EA46932906C0E49B1BBD630 /* Release */,
			);
			defaultConfigurationIsVisible = 0;
			defaultConfigurationName = Debug;
		};
		42FC06ACB4C57259A711D102 /* Build configuration list for PBXProject "gymgyme" */ = {
			isa = XCConfigurationList;
			buildConfigurations = (
				2E79BBFAC4D23CA86A79976B /* Debug */,
				556D631295589FF9002C282B /* Release */,
			);
			defaultConfigurationIsVisible = 0;
			defaultConfigurationName = Debug;
		};
		6DDFC7A99527EF604C55E2E7 /* Build configuration list for PBXNativeTarget "gymgymeWidgetExtension" */ = {
			isa = XCConfigurationList;
			buildConfigurations = (
				77F7DFC16D24D6322D0D3DAB /* Debug */,
				ECFA154AD8333669672A53F3 /* Release */,
			);
			defaultConfigurationIsVisible = 0;
			defaultConfigurationName = Debug;
		};
/* End XCConfigurationList section */
	};
	rootObject = 1118CF36AAEA88348D36C4EE /* Project object */;
}
